// !$*UTF8*$!
{
	archiveVersion = 1;
	classes = {
	};
	objectVersion = 77;
	objects = {

/* Begin PBXBuildFile section */
		3A6E4D4B2DB6F543008E39D6 /* SnapKit in Frameworks */ = {isa = PBXBuildFile; productRef = 3A6E4D4A2DB6F543008E39D6 /* SnapKit */; };
/* End PBXBuildFile section */

/* Begin PBXContainerItemProxy section */
		3A6E4D2C2DB6F510008E39D6 /* PBXContainerItemProxy */ = {
			isa = PBXContainerItemProxy;
			containerPortal = 3A6E4D0A2DB6F50E008E39D6 /* Project object */;
			proxyType = 1;
			remoteGlobalIDString = 3A6E4D112DB6F50E008E39D6;
			remoteInfo = PokemonPhonebook;
		};
		3A6E4D362DB6F510008E39D6 /* PBXContainerItemProxy */ = {
			isa = PBXContainerItemProxy;
			containerPortal = 3A6E4D0A2DB6F50E008E39D6 /* Project object */;
			proxyType = 1;
			remoteGlobalIDString = 3A6E4D112DB6F50E008E39D6;
			remoteInfo = PokemonPhonebook;
		};
/* End PBXContainerItemProxy section */

/* Begin PBXFileReference section */
		3A6E4D122DB6F50E008E39D6 /* PokemonPhonebook.app */ = {isa = PBXFileReference; explicitFileType = wrapper.application; includeInIndex = 0; path = PokemonPhonebook.app; sourceTree = BUILT_PRODUCTS_DIR; };
		3A6E4D2B2DB6F510008E39D6 /* PokemonPhonebookTests.xctest */ = {isa = PBXFileReference; explicitFileType = wrapper.cfbundle; includeInIndex = 0; path = PokemonPhonebookTests.xctest; sourceTree = BUILT_PRODUCTS_DIR; };
		3A6E4D352DB6F510008E39D6 /* PokemonPhonebookUITests.xctest */ = {isa = PBXFileReference; explicitFileType = wrapper.cfbundle; includeInIndex = 0; path = PokemonPhonebookUITests.xctest; sourceTree = BUILT_PRODUCTS_DIR; };
/* End PBXFileReference section */

/* Begin PBXFileSystemSynchronizedBuildFileExceptionSet section */
		3A6E4D3D2DB6F510008E39D6 /* Exceptions for "PokemonPhonebook" folder in "PokemonPhonebook" target */ = {
			isa = PBXFileSystemSynchronizedBuildFileExceptionSet;
			membershipExceptions = (
				Info.plist,
			);
			target = 3A6E4D112DB6F50E008E39D6 /* PokemonPhonebook */;
		};
/* End PBXFileSystemSynchronizedBuildFileExceptionSet section */

/* Begin PBXFileSystemSynchronizedRootGroup section */
		3A6E4D142DB6F50E008E39D6 /* PokemonPhonebook */ = {
			isa = PBXFileSystemSynchronizedRootGroup;
			exceptions = (
				3A6E4D3D2DB6F510008E39D6 /* Exceptions for "PokemonPhonebook" folder in "PokemonPhonebook" target */,
			);
			path = PokemonPhonebook;
			sourceTree = "<group>";
		};
		3A6E4D2E2DB6F510008E39D6 /* PokemonPhonebookTests */ = {
			isa = PBXFileSystemSynchronizedRootGroup;
			path = PokemonPhonebookTests;
			sourceTree = "<group>";
		};
		3A6E4D382DB6F510008E39D6 /* PokemonPhonebookUITests */ = {
			isa = PBXFileSystemSynchronizedRootGroup;
			path = PokemonPhonebookUITests;
			sourceTree = "<group>";
		};
/* End PBXFileSystemSynchronizedRootGroup section */

/* Begin PBXFrameworksBuildPhase section */
		3A6E4D0F2DB6F50E008E39D6 /* Frameworks */ = {
			isa = PBXFrameworksBuildPhase;
			buildActionMask = 2147483647;
			files = (
				3A6E4D4B2DB6F543008E39D6 /* SnapKit in Frameworks */,
			);
			runOnlyForDeploymentPostprocessing = 0;
		};
		3A6E4D282DB6F510008E39D6 /* Frameworks */ = {
			isa = PBXFrameworksBuildPhase;
			buildActionMask = 2147483647;
			files = (
			);
			runOnlyForDeploymentPostprocessing = 0;
		};
		3A6E4D322DB6F510008E39D6 /* Frameworks */ = {
			isa = PBXFrameworksBuildPhase;
			buildActionMask = 2147483647;
			files = (
			);
			runOnlyForDeploymentPostprocessing = 0;
		};
/* End PBXFrameworksBuildPhase section */

/* Begin PBXGroup section */
		3A6E4D092DB6F50E008E39D6 = {
			isa = PBXGroup;
			children = (
				3A6E4D142DB6F50E008E39D6 /* PokemonPhonebook */,
				3A6E4D2E2DB6F510008E39D6 /* PokemonPhonebookTests */,
				3A6E4D382DB6F510008E39D6 /* PokemonPhonebookUITests */,
				3A6E4D132DB6F50E008E39D6 /* Products */,
			);
			sourceTree = "<group>";
		};
		3A6E4D132DB6F50E008E39D6 /* Products */ = {
			isa = PBXGroup;
			children = (
				3A6E4D122DB6F50E008E39D6 /* PokemonPhonebook.app */,
				3A6E4D2B2DB6F510008E39D6 /* PokemonPhonebookTests.xctest */,
				3A6E4D352DB6F510008E39D6 /* PokemonPhonebookUITests.xctest */,
			);
			name = Products;
			sourceTree = "<group>";
		};
/* End PBXGroup section */

/* Begin PBXNativeTarget section */
		3A6E4D112DB6F50E008E39D6 /* PokemonPhonebook */ = {
			isa = PBXNativeTarget;
			buildConfigurationList = 3A6E4D3E2DB6F510008E39D6 /* Build configuration list for PBXNativeTarget "PokemonPhonebook" */;
			buildPhases = (
				3A6E4D0E2DB6F50E008E39D6 /* Sources */,
				3A6E4D0F2DB6F50E008E39D6 /* Frameworks */,
				3A6E4D102DB6F50E008E39D6 /* Resources */,
			);
			buildRules = (
			);
			dependencies = (
			);
			fileSystemSynchronizedGroups = (
				3A6E4D142DB6F50E008E39D6 /* PokemonPhonebook */,
			);
			name = PokemonPhonebook;
			packageProductDependencies = (
				3A6E4D4A2DB6F543008E39D6 /* SnapKit */,
			);
			productName = PokemonPhonebook;
			productReference = 3A6E4D122DB6F50E008E39D6 /* PokemonPhonebook.app */;
			productType = "com.apple.product-type.application";
		};
		3A6E4D2A2DB6F510008E39D6 /* PokemonPhonebookTests */ = {
			isa = PBXNativeTarget;
			buildConfigurationList = 3A6E4D432DB6F510008E39D6 /* Build configuration list for PBXNativeTarget "PokemonPhonebookTests" */;
			buildPhases = (
				3A6E4D272DB6F510008E39D6 /* Sources */,
				3A6E4D282DB6F510008E39D6 /* Frameworks */,
				3A6E4D292DB6F510008E39D6 /* Resources */,
			);
			buildRules = (
			);
			dependencies = (
				3A6E4D2D2DB6F510008E39D6 /* PBXTargetDependency */,
			);
			fileSystemSynchronizedGroups = (
				3A6E4D2E2DB6F510008E39D6 /* PokemonPhonebookTests */,
			);
			name = PokemonPhonebookTests;
			packageProductDependencies = (
			);
			productName = PokemonPhonebookTests;
			productReference = 3A6E4D2B2DB6F510008E39D6 /* PokemonPhonebookTests.xctest */;
			productType = "com.apple.product-type.bundle.unit-test";
		};
		3A6E4D342DB6F510008E39D6 /* PokemonPhonebookUITests */ = {
			isa = PBXNativeTarget;
			buildConfigurationList = 3A6E4D462DB6F510008E39D6 /* Build configuration list for PBXNativeTarget "PokemonPhonebookUITests" */;
			buildPhases = (
				3A6E4D312DB6F510008E39D6 /* Sources */,
				3A6E4D322DB6F510008E39D6 /* Frameworks */,
				3A6E4D332DB6F510008E39D6 /* Resources */,
			);
			buildRules = (
			);
			dependencies = (
				3A6E4D372DB6F510008E39D6 /* PBXTargetDependency */,
			);
			fileSystemSynchronizedGroups = (
				3A6E4D382DB6F510008E39D6 /* PokemonPhonebookUITests */,
			);
			name = PokemonPhonebookUITests;
			packageProductDependencies = (
			);
			productName = PokemonPhonebookUITests;
			productReference = 3A6E4D352DB6F510008E39D6 /* PokemonPhonebookUITests.xctest */;
			productType = "com.apple.product-type.bundle.ui-testing";
		};
/* End PBXNativeTarget section */

/* Begin PBXProject section */
		3A6E4D0A2DB6F50E008E39D6 /* Project object */ = {
			isa = PBXProject;
			attributes = {
				BuildIndependentTargetsInParallel = 1;
				LastSwiftUpdateCheck = 1630;
				LastUpgradeCheck = 1630;
				TargetAttributes = {
					3A6E4D112DB6F50E008E39D6 = {
						CreatedOnToolsVersion = 16.3;
					};
					3A6E4D2A2DB6F510008E39D6 = {
						CreatedOnToolsVersion = 16.3;
						TestTargetID = 3A6E4D112DB6F50E008E39D6;
					};
					3A6E4D342DB6F510008E39D6 = {
						CreatedOnToolsVersion = 16.3;
						TestTargetID = 3A6E4D112DB6F50E008E39D6;
					};
				};
			};
			buildConfigurationList = 3A6E4D0D2DB6F50E008E39D6 /* Build configuration list for PBXProject "PokemonPhonebook" */;
			developmentRegion = en;
			hasScannedForEncodings = 0;
			knownRegions = (
				en,
				Base,
			);
			mainGroup = 3A6E4D092DB6F50E008E39D6;
			minimizedProjectReferenceProxies = 1;
			packageReferences = (
				3A6E4D492DB6F543008E39D6 /* XCRemoteSwiftPackageReference "SnapKit" */,
			);
			preferredProjectObjectVersion = 77;
			productRefGroup = 3A6E4D132DB6F50E008E39D6 /* Products */;
			projectDirPath = "";
			projectRoot = "";
			targets = (
				3A6E4D112DB6F50E008E39D6 /* PokemonPhonebook */,
				3A6E4D2A2DB6F510008E39D6 /* PokemonPhonebookTests */,
				3A6E4D342DB6F510008E39D6 /* PokemonPhonebookUITests */,
			);
		};
/* End PBXProject section */

/* Begin PBXResourcesBuildPhase section */
		3A6E4D102DB6F50E008E39D6 /* Resources */ = {
			isa = PBXResourcesBuildPhase;
			buildActionMask = 2147483647;
			files = (
			);
			runOnlyForDeploymentPostprocessing = 0;
		};
		3A6E4D292DB6F510008E39D6 /* Resources */ = {
			isa = PBXResourcesBuildPhase;
			buildActionMask = 2147483647;
			files = (
			);
			runOnlyForDeploymentPostprocessing = 0;
		};
		3A6E4D332DB6F510008E39D6 /* Resources */ = {
			isa = PBXResourcesBuildPhase;
			buildActionMask = 2147483647;
			files = (
			);
			runOnlyForDeploymentPostprocessing = 0;
		};
/* End PBXResourcesBuildPhase section */

/* Begin PBXSourcesBuildPhase section */
		3A6E4D0E2DB6F50E008E39D6 /* Sources */ = {
			isa = PBXSourcesBuildPhase;
			buildActionMask = 2147483647;
			files = (
			);
			runOnlyForDeploymentPostprocessing = 0;
		};
		3A6E4D272DB6F510008E39D6 /* Sources */ = {
			isa = PBXSourcesBuildPhase;
			buildActionMask = 2147483647;
			files = (
			);
			runOnlyForDeploymentPostprocessing = 0;
		};
		3A6E4D312DB6F510008E39D6 /* Sources */ = {
			isa = PBXSourcesBuildPhase;
			buildActionMask = 2147483647;
			files = (
			);
			runOnlyForDeploymentPostprocessing = 0;
		};
/* End PBXSourcesBuildPhase section */

/* Begin PBXTargetDependency section */
		3A6E4D2D2DB6F510008E39D6 /* PBXTargetDependency */ = {
			isa = PBXTargetDependency;
			target = 3A6E4D112DB6F50E008E39D6 /* PokemonPhonebook */;
			targetProxy = 3A6E4D2C2DB6F510008E39D6 /* PBXContainerItemProxy */;
		};
		3A6E4D372DB6F510008E39D6 /* PBXTargetDependency */ = {
			isa = PBXTargetDependency;
			target = 3A6E4D112DB6F50E008E39D6 /* PokemonPhonebook */;
			targetProxy = 3A6E4D362DB6F510008E39D6 /* PBXContainerItemProxy */;
		};
/* End PBXTargetDependency section */

/* Begin XCBuildConfiguration section */
		3A6E4D3F2DB6F510008E39D6 /* Debug */ = {
			isa = XCBuildConfiguration;
			buildSettings = {
				ASSETCATALOG_COMPILER_APPICON_NAME = AppIcon;
				ASSETCATALOG_COMPILER_GLOBAL_ACCENT_COLOR_NAME = AccentColor;
				CODE_SIGN_STYLE = Automatic;
				CURRENT_PROJECT_VERSION = 1;
				GENERATE_INFOPLIST_FILE = YES;
				INFOPLIST_FILE = PokemonPhonebook/Info.plist;
				INFOPLIST_KEY_UIApplicationSupportsIndirectInputEvents = YES;
				INFOPLIST_KEY_UILaunchStoryboardName = LaunchScreen;
				INFOPLIST_KEY_UISupportedInterfaceOrientations_iPad = "UIInterfaceOrientationPortrait UIInterfaceOrientationPortraitUpsideDown UIInterfaceOrientationLandscapeLeft UIInterfaceOrientationLandscapeRight";
				INFOPLIST_KEY_UISupportedInterfaceOrientations_iPhone = "UIInterfaceOrientationPortrait UIInterfaceOrientationLandscapeLeft UIInterfaceOrientationLandscapeRight";
				IPHONEOS_DEPLOYMENT_TARGET = 15.6;
				LD_RUNPATH_SEARCH_PATHS = (
					"$(inherited)",
					"@executable_path/Frameworks",
				);
				MARKETING_VERSION = 1.0;
				PRODUCT_BUNDLE_IDENTIFIER = com.wonsik.PokemonPhonebook;
				PRODUCT_NAME = "$(TARGET_NAME)";
				SWIFT_EMIT_LOC_STRINGS = YES;
				SWIFT_VERSION = 5.0;
				TARGETED_DEVICE_FAMILY = "1,2";
			};
			name = Debug;
		};
		3A6E4D402DB6F510008E39D6 /* Release */ = {
			isa = XCBuildConfiguration;
			buildSettings = {
				ASSETCATALOG_COMPILER_APPICON_NAME = AppIcon;
				ASSETCATALOG_COMPILER_GLOBAL_ACCENT_COLOR_NAME = AccentColor;
				CODE_SIGN_STYLE = Automatic;
				CURRENT_PROJECT_VERSION = 1;
				GENERATE_INFOPLIST_FILE = YES;
				INFOPLIST_FILE = PokemonPhonebook/Info.plist;
				INFOPLIST_KEY_UIApplicationSupportsIndirectInputEvents = YES;
				INFOPLIST_KEY_UILaunchStoryboardName = LaunchScreen;
				INFOPLIST_KEY_UISupportedInterfaceOrientations_iPad = "UIInterfaceOrientationPortrait UIInterfaceOrientationPortraitUpsideDown UIInterfaceOrientationLandscapeLeft UIInterfaceOrientationLandscapeRight";
				INFOPLIST_KEY_UISupportedInterfaceOrientations_iPhone = "UIInterfaceOrientationPortrait UIInterfaceOrientationLandscapeLeft UIInterfaceOrientationLandscapeRight";
				IPHONEOS_DEPLOYMENT_TARGET = 15.6;
				LD_RUNPATH_SEARCH_PATHS = (
					"$(inherited)",
					"@executable_path/Frameworks",
				);
				MARKETING_VERSION = 1.0;
				PRODUCT_BUNDLE_IDENTIFIER = com.wonsik.PokemonPhonebook;
				PRODUCT_NAME = "$(TARGET_NAME)";
				SWIFT_EMIT_LOC_STRINGS = YES;
				SWIFT_VERSION = 5.0;
				TARGETED_DEVICE_FAMILY = "1,2";
			};
			name = Release;
		};
		3A6E4D412DB6F510008E39D6 /* Debug */ = {
			isa = XCBuildConfiguration;
			buildSettings = {
				ALWAYS_SEARCH_USER_PATHS = NO;
				ASSETCATALOG_COMPILER_GENERATE_SWIFT_ASSET_SYMBOL_EXTENSIONS = YES;
				CLANG_ANALYZER_NONNULL = YES;
				CLANG_ANALYZER_NUMBER_OBJECT_CONVERSION = YES_AGGRESSIVE;
				CLANG_CXX_LANGUAGE_STANDARD = "gnu++20";
				CLANG_ENABLE_MODULES = YES;
				CLANG_ENABLE_OBJC_ARC = YES;
				CLANG_ENABLE_OBJC_WEAK = YES;
				CLANG_WARN_BLOCK_CAPTURE_AUTORELEASING = YES;
				CLANG_WARN_BOOL_CONVERSION = YES;
				CLANG_WARN_COMMA = YES;
				CLANG_WARN_CONSTANT_CONVERSION = YES;
				CLANG_WARN_DEPRECATED_OBJC_IMPLEMENTATIONS = YES;
				CLANG_WARN_DIRECT_OBJC_ISA_USAGE = YES_ERROR;
				CLANG_WARN_DOCUMENTATION_COMMENTS = YES;
				CLANG_WARN_EMPTY_BODY = YES;
				CLANG_WARN_ENUM_CONVERSION = YES;
				CLANG_WARN_INFINITE_RECURSION = YES;
				CLANG_WARN_INT_CONVERSION = YES;
				CLANG_WARN_NON_LITERAL_NULL_CONVERSION = YES;
				CLANG_WARN_OBJC_IMPLICIT_RETAIN_SELF = YES;
				CLANG_WARN_OBJC_LITERAL_CONVERSION = YES;
				CLANG_WARN_OBJC_ROOT_CLASS = YES_ERROR;
				CLANG_WARN_QUOTED_INCLUDE_IN_FRAMEWORK_HEADER = YES;
				CLANG_WARN_RANGE_LOOP_ANALYSIS = YES;
				CLANG_WARN_STRICT_PROTOTYPES = YES;
				CLANG_WARN_SUSPICIOUS_MOVE = YES;
				CLANG_WARN_UNGUARDED_AVAILABILITY = YES_AGGRESSIVE;
				CLANG_WARN_UNREACHABLE_CODE = YES;
				CLANG_WARN__DUPLICATE_METHOD_MATCH = YES;
				COPY_PHASE_STRIP = NO;
				DEBUG_INFORMATION_FORMAT = dwarf;
				ENABLE_STRICT_OBJC_MSGSEND = YES;
				ENABLE_TESTABILITY = YES;
				ENABLE_USER_SCRIPT_SANDBOXING = YES;
				GCC_C_LANGUAGE_STANDARD = gnu17;
				GCC_DYNAMIC_NO_PIC = NO;
				GCC_NO_COMMON_BLOCKS = YES;
				GCC_OPTIMIZATION_LEVEL = 0;
				GCC_PREPROCESSOR_DEFINITIONS = (
					"DEBUG=1",
					"$(inherited)",
				);
				GCC_WARN_64_TO_32_BIT_CONVERSION = YES;
				GCC_WARN_ABOUT_RETURN_TYPE = YES_ERROR;
				GCC_WARN_UNDECLARED_SELECTOR = YES;
				GCC_WARN_UNINITIALIZED_AUTOS = YES_AGGRESSIVE;
				GCC_WARN_UNUSED_FUNCTION = YES;
				GCC_WARN_UNUSED_VARIABLE = YES;
				IPHONEOS_DEPLOYMENT_TARGET = 18.4;
				LOCALIZATION_PREFERS_STRING_CATALOGS = YES;
				MTL_ENABLE_DEBUG_INFO = INCLUDE_SOURCE;
				MTL_FAST_MATH = YES;
				ONLY_ACTIVE_ARCH = YES;
				SDKROOT = iphoneos;
				SWIFT_ACTIVE_COMPILATION_CONDITIONS = "DEBUG $(inherited)";
				SWIFT_OPTIMIZATION_LEVEL = "-Onone";
			};
			name = Debug;
		};
		3A6E4D422DB6F510008E39D6 /* Release */ = {
			isa = XCBuildConfiguration;
			buildSettings = {
				ALWAYS_SEARCH_USER_PATHS = NO;
				ASSETCATALOG_COMPILER_GENERATE_SWIFT_ASSET_SYMBOL_EXTENSIONS = YES;
				CLANG_ANALYZER_NONNULL = YES;
				CLANG_ANALYZER_NUMBER_OBJECT_CONVERSION = YES_AGGRESSIVE;
				CLANG_CXX_LANGUAGE_STANDARD = "gnu++20";
				CLANG_ENABLE_MODULES = YES;
				CLANG_ENABLE_OBJC_ARC = YES;
				CLANG_ENABLE_OBJC_WEAK = YES;
				CLANG_WARN_BLOCK_CAPTURE_AUTORELEASING = YES;
				CLANG_WARN_BOOL_CONVERSION = YES;
				CLANG_WARN_COMMA = YES;
				CLANG_WARN_CONSTANT_CONVERSION = YES;
				CLANG_WARN_DEPRECATED_OBJC_IMPLEMENTATIONS = YES;
				CLANG_WARN_DIRECT_OBJC_ISA_USAGE = YES_ERROR;
				CLANG_WARN_DOCUMENTATION_COMMENTS = YES;
				CLANG_WARN_EMPTY_BODY = YES;
				CLANG_WARN_ENUM_CONVERSION = YES;
				CLANG_WARN_INFINITE_RECURSION = YES;
				CLANG_WARN_INT_CONVERSION = YES;
				CLANG_WARN_NON_LITERAL_NULL_CONVERSION = YES;
				CLANG_WARN_OBJC_IMPLICIT_RETAIN_SELF = YES;
				CLANG_WARN_OBJC_LITERAL_CONVERSION = YES;
				CLANG_WARN_OBJC_ROOT_CLASS = YES_ERROR;
				CLANG_WARN_QUOTED_INCLUDE_IN_FRAMEWORK_HEADER = YES;
				CLANG_WARN_RANGE_LOOP_ANALYSIS = YES;
				CLANG_WARN_STRICT_PROTOTYPES = YES;
				CLANG_WARN_SUSPICIOUS_MOVE = YES;
				CLANG_WARN_UNGUARDED_AVAILABILITY = YES_AGGRESSIVE;
				CLANG_WARN_UNREACHABLE_CODE = YES;
				CLANG_WARN__DUPLICATE_METHOD_MATCH = YES;
				COPY_PHASE_STRIP = NO;
				DEBUG_INFORMATION_FORMAT = "dwarf-with-dsym";
				ENABLE_NS_ASSERTIONS = NO;
				ENABLE_STRICT_OBJC_MSGSEND = YES;
				ENABLE_USER_SCRIPT_SANDBOXING = YES;
				GCC_C_LANGUAGE_STANDARD = gnu17;
				GCC_NO_COMMON_BLOCKS = YES;
				GCC_WARN_64_TO_32_BIT_CONVERSION = YES;
				GCC_WARN_ABOUT_RETURN_TYPE = YES_ERROR;
				GCC_WARN_UNDECLARED_SELECTOR = YES;
				GCC_WARN_UNINITIALIZED_AUTOS = YES_AGGRESSIVE;
				GCC_WARN_UNUSED_FUNCTION = YES;
				GCC_WARN_UNUSED_VARIABLE = YES;
				IPHONEOS_DEPLOYMENT_TARGET = 18.4;
				LOCALIZATION_PREFERS_STRING_CATALOGS = YES;
				MTL_ENABLE_DEBUG_INFO = NO;
				MTL_FAST_MATH = YES;
				SDKROOT = iphoneos;
				SWIFT_COMPILATION_MODE = wholemodule;
				VALIDATE_PRODUCT = YES;
			};
			name = Release;
		};
		3A6E4D442DB6F510008E39D6 /* Debug */ = {
			isa = XCBuildConfiguration;
			buildSettings = {
				BUNDLE_LOADER = "$(TEST_HOST)";
				CODE_SIGN_STYLE = Automatic;
				CURRENT_PROJECT_VERSION = 1;
				GENERATE_INFOPLIST_FILE = YES;
				IPHONEOS_DEPLOYMENT_TARGET = 15.6;
				MARKETING_VERSION = 1.0;
				PRODUCT_BUNDLE_IDENTIFIER = com.wonsik.PokemonPhonebookTests;
				PRODUCT_NAME = "$(TARGET_NAME)";
				SWIFT_EMIT_LOC_STRINGS = NO;
				SWIFT_VERSION = 5.0;
				TARGETED_DEVICE_FAMILY = "1,2";
				TEST_HOST = "$(BUILT_PRODUCTS_DIR)/PokemonPhonebook.app/$(BUNDLE_EXECUTABLE_FOLDER_PATH)/PokemonPhonebook";
			};
			name = Debug;
		};
		3A6E4D452DB6F510008E39D6 /* Release */ = {
			isa = XCBuildConfiguration;
			buildSettings = {
				BUNDLE_LOADER = "$(TEST_HOST)";
				CODE_SIGN_STYLE = Automatic;
				CURRENT_PROJECT_VERSION = 1;
				GENERATE_INFOPLIST_FILE = YES;
				IPHONEOS_DEPLOYMENT_TARGET = 15.6;
				MARKETING_VERSION = 1.0;
				PRODUCT_BUNDLE_IDENTIFIER = com.wonsik.PokemonPhonebookTests;
				PRODUCT_NAME = "$(TARGET_NAME)";
				SWIFT_EMIT_LOC_STRINGS = NO;
				SWIFT_VERSION = 5.0;
				TARGETED_DEVICE_FAMILY = "1,2";
				TEST_HOST = "$(BUILT_PRODUCTS_DIR)/PokemonPhonebook.app/$(BUNDLE_EXECUTABLE_FOLDER_PATH)/PokemonPhonebook";
			};
			name = Release;
		};
		3A6E4D472DB6F510008E39D6 /* Debug */ = {
			isa = XCBuildConfiguration;
			buildSettings = {
				CODE_SIGN_STYLE = Automatic;
				CURRENT_PROJECT_VERSION = 1;
				GENERATE_INFOPLIST_FILE = YES;
				IPHONEOS_DEPLOYMENT_TARGET = 15.6;
				MARKETING_VERSION = 1.0;
				PRODUCT_BUNDLE_IDENTIFIER = com.wonsik.PokemonPhonebookUITests;
				PRODUCT_NAME = "$(TARGET_NAME)";
				SWIFT_EMIT_LOC_STRINGS = NO;
				SWIFT_VERSION = 5.0;
				TARGETED_DEVICE_FAMILY = "1,2";
				TEST_TARGET_NAME = PokemonPhonebook;
			};
			name = Debug;
		};
		3A6E4D482DB6F510008E39D6 /* Release */ = {
			isa = XCBuildConfiguration;
			buildSettings = {
				CODE_SIGN_STYLE = Automatic;
				CURRENT_PROJECT_VERSION = 1;
				GENERATE_INFOPLIST_FILE = YES;
				IPHONEOS_DEPLOYMENT_TARGET = 15.6;
				MARKETING_VERSION = 1.0;
				PRODUCT_BUNDLE_IDENTIFIER = com.wonsik.PokemonPhonebookUITests;
				PRODUCT_NAME = "$(TARGET_NAME)";
				SWIFT_EMIT_LOC_STRINGS = NO;
				SWIFT_VERSION = 5.0;
				TARGETED_DEVICE_FAMILY = "1,2";
				TEST_TARGET_NAME = PokemonPhonebook;
			};
			name = Release;
		};
/* End XCBuildConfiguration section */

/* Begin XCConfigurationList section */
		3A6E4D0D2DB6F50E008E39D6 /* Build configuration list for PBXProject "PokemonPhonebook" */ = {
			isa = XCConfigurationList;
			buildConfigurations = (
				3A6E4D412DB6F510008E39D6 /* Debug */,
				3A6E4D422DB6F510008E39D6 /* Release */,
			);
			defaultConfigurationIsVisible = 0;
			defaultConfigurationName = Release;
		};
		3A6E4D3E2DB6F510008E39D6 /* Build configuration list for PBXNativeTarget "PokemonPhonebook" */ = {
			isa = XCConfigurationList;
			buildConfigurations = (
				3A6E4D3F2DB6F510008E39D6 /* Debug */,
				3A6E4D402DB6F510008E39D6 /* Release */,
			);
			defaultConfigurationIsVisible = 0;
			defaultConfigurationName = Release;
		};
		3A6E4D432DB6F510008E39D6 /* Build configuration list for PBXNativeTarget "PokemonPhonebookTests" */ = {
			isa = XCConfigurationList;
			buildConfigurations = (
				3A6E4D442DB6F510008E39D6 /* Debug */,
				3A6E4D452DB6F510008E39D6 /* Release */,
			);
			defaultConfigurationIsVisible = 0;
			defaultConfigurationName = Release;
		};
		3A6E4D462DB6F510008E39D6 /* Build configuration list for PBXNativeTarget "PokemonPhonebookUITests" */ = {
			isa = XCConfigurationList;
			buildConfigurations = (
				3A6E4D472DB6F510008E39D6 /* Debug */,
				3A6E4D482DB6F510008E39D6 /* Release */,
			);
			defaultConfigurationIsVisible = 0;
			defaultConfigurationName = Release;
		};
/* End XCConfigurationList section */

/* Begin XCRemoteSwiftPackageReference section */
		3A6E4D492DB6F543008E39D6 /* XCRemoteSwiftPackageReference "SnapKit" */ = {
			isa = XCRemoteSwiftPackageReference;
			repositoryURL = "https://github.com/SnapKit/SnapKit";
			requirement = {
				kind = upToNextMajorVersion;
				minimumVersion = 5.7.1;
			};
		};
/* End XCRemoteSwiftPackageReference section */

/* Begin XCSwiftPackageProductDependency section */
		3A6E4D4A2DB6F543008E39D6 /* SnapKit */ = {
			isa = XCSwiftPackageProductDependency;
			package = 3A6E4D492DB6F543008E39D6 /* XCRemoteSwiftPackageReference "SnapKit" */;
			productName = SnapKit;
		};
/* End XCSwiftPackageProductDependency section */
	};
	rootObject = 3A6E4D0A2DB6F50E008E39D6 /* Project object */;
}
